
Microsoft Visual Studio Solution File, Format Version 12.00
# Visual Studio Version 17
VisualStudioVersion = 17.9.34728.123
MinimumVisualStudioVersion = 10.0.40219.1
Project("{FAE04EC0-301F-11D3-BF4B-00C04F79EFBC}") = "ApiCore", "ApiCore\ApiCore.csproj", "{8F0BA7B2-27F1-4DED-B082-5A12305ED42F}"
EndProject
Global
	GlobalSection(SolutionConfigurationPlatforms) = preSolution
		Debug|Any CPU = Debug|Any CPU
		Release|Any CPU = Release|Any CPU
	EndGlobalSection
	GlobalSection(ProjectConfigurationPlatforms) = postSolution
		{8F0BA7B2-27F1-4DED-B082-5A12305ED42F}.Debug|Any CPU.ActiveCfg = Debug|Any CPU
		{8F0BA7B2-27F1-4DED-B082-5A12305ED42F}.Debug|Any CPU.Build.0 = Debug|Any CPU
		{8F0BA7B2-27F1-4DED-B082-5A12305ED42F}.Release|Any CPU.ActiveCfg = Release|Any CPU
		{8F0BA7B2-27F1-4DED-B082-5A12305ED42F}.Release|Any CPU.Build.0 = Release|Any CPU
	EndGlobalSection
	GlobalSection(SolutionProperties) = preSolution
		HideSolutionNode = FALSE
	EndGlobalSection
	GlobalSection(ExtensibilityGlobals) = postSolution
		SolutionGuid = {55E423E5-6F0A-4BED-9ADF-E34AA974CABD}
	EndGlobalSection
EndGlobal
